<?xml version="1.0" encoding="utf-8"?>
<Project ToolsVersion="4.0" xmlns="http://schemas.microsoft.com/developer/msbuild/2003">
  <ItemGroup>
    <Filter Include="Source Files">
      <UniqueIdentifier>{4FC737F1-C7A5-4376-A066-2A32D752A2FF}</UniqueIdentifier>
      <Extensions>cpp;c;cc;cxx;c++;cppm;ixx;def;odl;idl;hpj;bat;asm;asmx</Extensions>
    </Filter>
    <Filter Include="Header Files">
      <UniqueIdentifier>{93995380-89BD-4b04-88EB-625FBE52EBFB}</UniqueIdentifier>
      <Extensions>h;hh;hpp;hxx;h++;hm;inl;inc;ipp;xsd</Extensions>
    </Filter>
    <Filter Include="Resource Files">
      <UniqueIdentifier>{67DA6AB6-F800-4c08-8B7A-83BB121AAD01}</UniqueIdentifier>
      <Extensions>rc;ico;cur;bmp;dlg;rc2;rct;bin;rgs;gif;jpg;jpeg;jpe;resx;tiff;tif;png;wav;mfcribbon-ms</Extensions>
    </Filter>
    <Filter Include="Header Files\objects">
      <UniqueIdentifier>{13b938a3-ed99-4866-8085-fd697047b454}</UniqueIdentifier>
    </Filter>
    <Filter Include="Resource Files\shaders">
      <UniqueIdentifier>{70bebde7-e9bb-4672-9cca-dface5846755}</UniqueIdentifier>
    </Filter>
    <Filter Include="Resource Files\textures">
      <UniqueIdentifier>{d288afa7-49bf-4e32-ac04-79f6b0b68e56}</UniqueIdentifier>
    </Filter>
  </ItemGroup>
  <ItemGroup>
    <ClInclude Include="Nameplatehelper.h">
      <Filter>Header Files\objects</Filter>
    </ClInclude>
    <ClInclude Include="Nameplate.h">
      <Filter>Header Files\objects</Filter>
    </ClInclude>
    <ClInclude Include="Toy.h">
      <Filter>Header Files\objects</Filter>
    </ClInclude>
    <ClInclude Include="Box.h">
      <Filter>Header Files\objects</Filter>
    </ClInclude>
    <ClInclude Include="ToyState.h">
      <Filter>Header Files\objects</Filter>
    </ClInclude>
    <ClInclude Include="Finger.h">
      <Filter>Header Files\objects</Filter>
    </ClInclude>
    <ClInclude Include="Util.h">
      <Filter>Header Files\objects</Filter>
    </ClInclude>
    <ClInclude Include="ClawState.h">
      <Filter>Header Files\objects</Filter>
    </ClInclude>
    <ClInclude Include="GameData.h">
      <Filter>Header Files\objects</Filter>
    </ClInclude>
    <ClInclude Include="TokenInsert.h">
      <Filter>Header Files\objects</Filter>
    </ClInclude>
    <ClInclude Include="Overlay.h">
      <Filter>Header Files\objects</Filter>
    </ClInclude>
    <ClInclude Include="Lights.h">
      <Filter>Header Files\objects</Filter>
    </ClInclude>
    <ClInclude Include="LightState.h">
      <Filter>Header Files\objects</Filter>
    </ClInclude>
    <ClInclude Include="Mesh.h">
      <Filter>Header Files\objects</Filter>
    </ClInclude>
    <ClInclude Include="Claw.h">
      <Filter>Header Files\objects</Filter>
    </ClInclude>
    <ClInclude Include="GameState.h">
      <Filter>Header Files\objects</Filter>
    </ClInclude>
    <ClInclude Include="stb_image_resize2.h">
      <Filter>Header Files</Filter>
    </ClInclude>
    <ClInclude Include="stb_image.h">
      <Filter>Header Files</Filter>
    </ClInclude>
  </ItemGroup>
  <ItemGroup>
    <ClCompile Include="Main.cpp">
      <Filter>Source Files</Filter>
    </ClCompile>
    <ClCompile Include="Toy.cpp">
      <Filter>Source Files</Filter>
    </ClCompile>
    <ClCompile Include="Box.cpp">
      <Filter>Source Files</Filter>
    </ClCompile>
    <ClCompile Include="Finger.cpp">
      <Filter>Source Files</Filter>
    </ClCompile>
    <ClCompile Include="Claw.cpp">
      <Filter>Source Files</Filter>
    </ClCompile>
    <ClCompile Include="Util.cpp">
      <Filter>Source Files</Filter>
    </ClCompile>
    <ClCompile Include="TokenInsert.cpp">
      <Filter>Source Files</Filter>
    </ClCompile>
    <ClCompile Include="Overlay.cpp">
      <Filter>Source Files</Filter>
    </ClCompile>
    <ClCompile Include="Lights.cpp">
      <Filter>Source Files</Filter>
    </ClCompile>
  </ItemGroup>
  <ItemGroup>
    <None Include="packages.config" />
    <None Include="box.frag">
      <Filter>Resource Files\shaders</Filter>
    </None>
    <None Include="box.vert">
      <Filter>Resource Files\shaders</Filter>
    </None>
    <None Include="claw.frag">
      <Filter>Resource Files\shaders</Filter>
    </None>
    <None Include="claw.vert">
      <Filter>Resource Files\shaders</Filter>
    </None>
    <None Include="finger.frag">
      <Filter>Resource Files\shaders</Filter>
    </None>
    <None Include="finger.vert">
      <Filter>Resource Files\shaders</Filter>
    </None>
    <None Include="lightsouter.frag">
      <Filter>Resource Files\shaders</Filter>
    </None>
    <None Include="lightsouter.vert">
      <Filter>Resource Files\shaders</Filter>
    </None>
    <None Include="nameplate.frag">
      <Filter>Resource Files\shaders</Filter>
    </None>
    <None Include="nameplate.vert">
      <Filter>Resource Files\shaders</Filter>
    </None>
    <None Include="overlay.frag">
      <Filter>Resource Files\shaders</Filter>
    </None>
    <None Include="overlay.vert">
      <Filter>Resource Files\shaders</Filter>
    </None>
    <None Include="rope.frag">
      <Filter>Resource Files\shaders</Filter>
    </None>
    <None Include="rope.vert">
      <Filter>Resource Files\shaders</Filter>
    </None>
    <None Include="tokeninsert.frag">
      <Filter>Resource Files\shaders</Filter>
    </None>
    <None Include="tokeninsert.vert">
      <Filter>Resource Files\shaders</Filter>
    </None>
    <None Include="toy.frag">
      <Filter>Resource Files\shaders</Filter>
    </None>
    <None Include="toy.vert">
      <Filter>Resource Files\shaders</Filter>
    </None>
    <None Include="vcpkg.json" />
  </ItemGroup>
  <ItemGroup>
    <Image Include="dino.png">
      <Filter>Resource Files\textures</Filter>
    </Image>
    <Image Include="glass_texture.png">
      <Filter>Resource Files\textures</Filter>
    </Image>
    <Image Include="lever.png">
      <Filter>Resource Files\textures</Filter>
    </Image>
    <Image Include="light_blue.png">
      <Filter>Resource Files\textures</Filter>
    </Image>
    <Image Include="light_empty.png">
      <Filter>Resource Files\textures</Filter>
    </Image>
    <Image Include="light_green.png">
      <Filter>Resource Files\textures</Filter>
    </Image>
    <Image Include="light_red.png">
      <Filter>Resource Files\textures</Filter>
    </Image>
    <Image Include="teddy.png">
      <Filter>Resource Files\textures</Filter>
    </Image>
    <Image Include="token_insert.png">
      <Filter>Resource Files\textures</Filter>
    </Image>
    <Image Include="token.png">
      <Filter>Resource Files\textures</Filter>
    </Image>
  </ItemGroup>
  <ItemGroup>
    <Text Include="CmakeLists.txt" />
  </ItemGroup>
</Project>